// !$*UTF8*$!
{
	archiveVersion = 1;
	classes = {
	};
	objectVersion = 46;
	objects = {

/* Begin PBXBuildFile section */
		67D786F7173B4E0A006E4394 /* UIKit.framework in Frameworks */ = {isa = PBXBuildFile; fileRef = 67D786F6173B4E0A006E4394 /* UIKit.framework */; };
		67D786F9173B4E0A006E4394 /* Foundation.framework in Frameworks */ = {isa = PBXBuildFile; fileRef = 67D786F8173B4E0A006E4394 /* Foundation.framework */; };
		67D786FB173B4E0A006E4394 /* CoreGraphics.framework in Frameworks */ = {isa = PBXBuildFile; fileRef = 67D786FA173B4E0A006E4394 /* CoreGraphics.framework */; };
		67D78701173B4E0A006E4394 /* InfoPlist.strings in Resources */ = {isa = PBXBuildFile; fileRef = 67D786FF173B4E0A006E4394 /* InfoPlist.strings */; };
		67D78703173B4E0A006E4394 /* main.m in Sources */ = {isa = PBXBuildFile; fileRef = 67D78702173B4E0A006E4394 /* main.m */; };
		67D78707173B4E0A006E4394 /* AppDelegate.m in Sources */ = {isa = PBXBuildFile; fileRef = 67D78706173B4E0A006E4394 /* AppDelegate.m */; };
		67D78709173B4E0A006E4394 /* Default.png in Resources */ = {isa = PBXBuildFile; fileRef = 67D78708173B4E0A006E4394 /* Default.png */; };
		67D7870B173B4E0A006E4394 /* Default@2x.png in Resources */ = {isa = PBXBuildFile; fileRef = 67D7870A173B4E0A006E4394 /* Default@2x.png */; };
		67D7870D173B4E0A006E4394 /* Default-568h@2x.png in Resources */ = {isa = PBXBuildFile; fileRef = 67D7870C173B4E0A006E4394 /* Default-568h@2x.png */; };
		67D78710173B4E0A006E4394 /* ViewController.m in Sources */ = {isa = PBXBuildFile; fileRef = 67D7870F173B4E0A006E4394 /* ViewController.m */; };
		67D78713173B4E0A006E4394 /* ViewController.xib in Resources */ = {isa = PBXBuildFile; fileRef = 67D78711173B4E0A006E4394 /* ViewController.xib */; };
/* End PBXBuildFile section */

/* Begin PBXFileReference section */
		67D786F2173B4E0A006E4394 /* LearnHowToUseGit.app */ = {isa = PBXFileReference; explicitFileType = wrapper.application; includeInIndex = 0; path = LearnHowToUseGit.app; sourceTree = BUILT_PRODUCTS_DIR; };
		67D786F6173B4E0A006E4394 /* UIKit.framework */ = {isa = PBXFileReference; lastKnownFileType = wrapper.framework; name = UIKit.framework; path = System/Library/Frameworks/UIKit.framework; sourceTree = SDKROOT; };
		67D786F8173B4E0A006E4394 /* Foundation.framework */ = {isa = PBXFileReference; lastKnownFileType = wrapper.framework; name = Foundation.framework; path = System/Library/Frameworks/Foundation.framework; sourceTree = SDKROOT; };
		67D786FA173B4E0A006E4394 /* CoreGraphics.framework */ = {isa = PBXFileReference; lastKnownFileType = wrapper.framework; name = CoreGraphics.framework; path = System/Library/Frameworks/CoreGraphics.framework; sourceTree = SDKROOT; };
		67D786FE173B4E0A006E4394 /* LearnHowToUseGit-Info.plist */ = {isa = PBXFileReference; lastKnownFileType = text.plist.xml; path = "LearnHowToUseGit-Info.plist"; sourceTree = "<group>"; };
		67D78700173B4E0A006E4394 /* en */ = {isa = PBXFileReference; lastKnownFileType = text.plist.strings; name = en; path = en.lproj/InfoPlist.strings; sourceTree = "<group>"; };
		67D78702173B4E0A006E4394 /* main.m */ = {isa = PBXFileReference; lastKnownFileType = sourcecode.c.objc; path = main.m; sourceTree = "<group>"; };
		67D78704173B4E0A006E4394 /* LearnHowToUseGit-Prefix.pch */ = {isa = PBXFileReference; lastKnownFileType = sourcecode.c.h; path = "LearnHowToUseGit-Prefix.pch"; sourceTree = "<group>"; };
		67D78705173B4E0A006E4394 /* AppDelegate.h */ = {isa = PBXFileReference; lastKnownFileType = sourcecode.c.h; path = AppDelegate.h; sourceTree = "<group>"; };
		67D78706173B4E0A006E4394 /* AppDelegate.m */ = {isa = PBXFileReference; lastKnownFileType = sourcecode.c.objc; path = AppDelegate.m; sourceTree = "<group>"; };
		67D78708173B4E0A006E4394 /* Default.png */ = {isa = PBXFileReference; lastKnownFileType = image.png; path = Default.png; sourceTree = "<group>"; };
		67D7870A173B4E0A006E4394 /* Default@2x.png */ = {isa = PBXFileReference; lastKnownFileType = image.png; path = "Default@2x.png"; sourceTree = "<group>"; };
		67D7870C173B4E0A006E4394 /* Default-568h@2x.png */ = {isa = PBXFileReference; lastKnownFileType = image.png; path = "Default-568h@2x.png"; sourceTree = "<group>"; };
		67D7870E173B4E0A006E4394 /* ViewController.h */ = {isa = PBXFileReference; lastKnownFileType = sourcecode.c.h; path = ViewController.h; sourceTree = "<group>"; };
		67D7870F173B4E0A006E4394 /* ViewController.m */ = {isa = PBXFileReference; lastKnownFileType = sourcecode.c.objc; path = ViewController.m; sourceTree = "<group>"; };
		67D78712173B4E0A006E4394 /* en */ = {isa = PBXFileReference; lastKnownFileType = file.xib; name = en; path = en.lproj/ViewController.xib; sourceTree = "<group>"; };
/* End PBXFileReference section */

/* Begin PBXFrameworksBuildPhase section */
		67D786EF173B4E0A006E4394 /* Frameworks */ = {
			isa = PBXFrameworksBuildPhase;
			buildActionMask = 2147483647;
			files = (
				67D786F7173B4E0A006E4394 /* UIKit.framework in Frameworks */,
				67D786F9173B4E0A006E4394 /* Foundation.framework in Frameworks */,
				67D786FB173B4E0A006E4394 /* CoreGraphics.framework in Frameworks */,
			);
			runOnlyForDeploymentPostprocessing = 0;
		};
/* End PBXFrameworksBuildPhase section */

/* Begin PBXGroup section */
		67D786E7173B4E0A006E4394 = {
			isa = PBXGroup;
			children = (
				67D786FC173B4E0A006E4394 /* LearnHowToUseGit */,
				67D786F5173B4E0A006E4394 /* Frameworks */,
				67D786F3173B4E0A006E4394 /* Products */,
			);
			sourceTree = "<group>";
		};
		67D786F3173B4E0A006E4394 /* Products */ = {
			isa = PBXGroup;
			children = (
				67D786F2173B4E0A006E4394 /* LearnHowToUseGit.app */,
			);
			name = Products;
			sourceTree = "<group>";
		};
		67D786F5173B4E0A006E4394 /* Frameworks */ = {
			isa = PBXGroup;
			children = (
				67D786F6173B4E0A006E4394 /* UIKit.framework */,
				67D786F8173B4E0A006E4394 /* Foundation.framework */,
				67D786FA173B4E0A006E4394 /* CoreGraphics.framework */,
			);
			name = Frameworks;
			sourceTree = "<group>";
		};
		67D786FC173B4E0A006E4394 /* LearnHowToUseGit */ = {
			isa = PBXGroup;
			children = (
				67D78705173B4E0A006E4394 /* AppDelegate.h */,
				67D78706173B4E0A006E4394 /* AppDelegate.m */,
				67D7870E173B4E0A006E4394 /* ViewController.h */,
				67D7870F173B4E0A006E4394 /* ViewController.m */,
				67D78711173B4E0A006E4394 /* ViewController.xib */,
				67D786FD173B4E0A006E4394 /* Supporting Files */,
			);
			path = LearnHowToUseGit;
			sourceTree = "<group>";
		};
		67D786FD173B4E0A006E4394 /* Supporting Files */ = {
			isa = PBXGroup;
			children = (
				67D786FE173B4E0A006E4394 /* LearnHowToUseGit-Info.plist */,
				67D786FF173B4E0A006E4394 /* InfoPlist.strings */,
				67D78702173B4E0A006E4394 /* main.m */,
				67D78704173B4E0A006E4394 /* LearnHowToUseGit-Prefix.pch */,
				67D78708173B4E0A006E4394 /* Default.png */,
				67D7870A173B4E0A006E4394 /* Default@2x.png */,
				67D7870C173B4E0A006E4394 /* Default-568h@2x.png */,
			);
			name = "Supporting Files";
			sourceTree = "<group>";
		};
/* End PBXGroup section */

/* Begin PBXNativeTarget section */
		67D786F1173B4E0A006E4394 /* LearnHowToUseGit */ = {
			isa = PBXNativeTarget;
			buildConfigurationList = 67D78716173B4E0A006E4394 /* Build configuration list for PBXNativeTarget "LearnHowToUseGit" */;
			buildPhases = (
				67D786EE173B4E0A006E4394 /* Sources */,
				67D786EF173B4E0A006E4394 /* Frameworks */,
				67D786F0173B4E0A006E4394 /* Resources */,
			);
			buildRules = (
			);
			dependencies = (
			);
			name = LearnHowToUseGit;
			productName = LearnHowToUseGit;
			productReference = 67D786F2173B4E0A006E4394 /* LearnHowToUseGit.app */;
			productType = "com.apple.product-type.application";
		};
/* End PBXNativeTarget section */

/* Begin PBXProject section */
		67D786E9173B4E0A006E4394 /* Project object */ = {
			isa = PBXProject;
			attributes = {
				LastUpgradeCheck = 0450;
				ORGANIZATIONNAME = SuperHappy;
			};
			buildConfigurationList = 67D786EC173B4E0A006E4394 /* Build configuration list for PBXProject "LearnHowToUseGit" */;
			compatibilityVersion = "Xcode 3.2";
			developmentRegion = English;
			hasScannedForEncodings = 0;
			knownRegions = (
				en,
			);
			mainGroup = 67D786E7173B4E0A006E4394;
			productRefGroup = 67D786F3173B4E0A006E4394 /* Products */;
			projectDirPath = "";
			projectRoot = "";
			targets = (
				67D786F1173B4E0A006E4394 /* LearnHowToUseGit */,
			);
		};
/* End PBXProject section */

/* Begin PBXResourcesBuildPhase section */
		67D786F0173B4E0A006E4394 /* Resources */ = {
			isa = PBXResourcesBuildPhase;
			buildActionMask = 2147483647;
			files = (
				67D78701173B4E0A006E4394 /* InfoPlist.strings in Resources */,
				67D78709173B4E0A006E4394 /* Default.png in Resources */,
				67D7870B173B4E0A006E4394 /* Default@2x.png in Resources */,
				67D7870D173B4E0A006E4394 /* Default-568h@2x.png in Resources */,
				67D78713173B4E0A006E4394 /* ViewController.xib in Resources */,
			);
			runOnlyForDeploymentPostprocessing = 0;
		};
/* End PBXResourcesBuildPhase section */

/* Begin PBXSourcesBuildPhase section */
		67D786EE173B4E0A006E4394 /* Sources */ = {
			isa = PBXSourcesBuildPhase;
			buildActionMask = 2147483647;
			files = (
				67D78703173B4E0A006E4394 /* main.m in Sources */,
				67D78707173B4E0A006E4394 /* AppDelegate.m in Sources */,
				67D78710173B4E0A006E4394 /* ViewController.m in Sources */,
			);
			runOnlyForDeploymentPostprocessing = 0;
		};
/* End PBXSourcesBuildPhase section */

/* Begin PBXVariantGroup section */
		67D786FF173B4E0A006E4394 /* InfoPlist.strings */ = {
			isa = PBXVariantGroup;
			children = (
				67D78700173B4E0A006E4394 /* en */,
			);
			name = InfoPlist.strings;
			sourceTree = "<group>";
		};
		67D78711173B4E0A006E4394 /* ViewController.xib */ = {
			isa = PBXVariantGroup;
			children = (
				67D78712173B4E0A006E4394 /* en */,
			);
			name = ViewController.xib;
			sourceTree = "<group>";
		};
/* End PBXVariantGroup section */

/* Begin XCBuildConfiguration section */
		67D78714173B4E0A006E4394 /* Debug */ = {
			isa = XCBuildConfiguration;
			buildSettings = {
				ALWAYS_SEARCH_USER_PATHS = NO;
				CLANG_CXX_LANGUAGE_STANDARD = "gnu++0x";
				CLANG_CXX_LIBRARY = "libc++";
				CLANG_WARN_EMPTY_BODY = YES;
				CLANG_WARN__DUPLICATE_METHOD_MATCH = YES;
				"CODE_SIGN_IDENTITY[sdk=iphoneos*]" = "iPhone Developer";
				COPY_PHASE_STRIP = NO;
				GCC_C_LANGUAGE_STANDARD = gnu99;
				GCC_DYNAMIC_NO_PIC = NO;
				GCC_OPTIMIZATION_LEVEL = 0;
				GCC_PREPROCESSOR_DEFINITIONS = (
					"DEBUG=1",
					"$(inherited)",
				);
				GCC_SYMBOLS_PRIVATE_EXTERN = NO;
				GCC_WARN_ABOUT_RETURN_TYPE = YES;
				GCC_WARN_UNINITIALIZED_AUTOS = YES;
				GCC_WARN_UNUSED_VARIABLE = YES;
				IPHONEOS_DEPLOYMENT_TARGET = 6.0;
				ONLY_ACTIVE_ARCH = YES;
				SDKROOT = iphoneos;
			};
			name = Debug;
		};
		67D78715173B4E0A006E4394 /* Release */ = {
			isa = XCBuildConfiguration;
			buildSettings = {
				ALWAYS_SEARCH_USER_PATHS = NO;
				CLANG_CXX_LANGUAGE_STANDARD = "gnu++0x";
				CLANG_CXX_LIBRARY = "libc++";
				CLANG_WARN_EMPTY_BODY = YES;
				CLANG_WARN__DUPLICATE_METHOD_MATCH = YES;
				"CODE_SIGN_IDENTITY[sdk=iphoneos*]" = "iPhone Developer";
				COPY_PHASE_STRIP = YES;
				GCC_C_LANGUAGE_STANDARD = gnu99;
				GCC_WARN_ABOUT_RETURN_TYPE = YES;
				GCC_WARN_UNINITIALIZED_AUTOS = YES;
				GCC_WARN_UNUSED_VARIABLE = YES;
				IPHONEOS_DEPLOYMENT_TARGET = 6.0;
				OTHER_CFLAGS = "-DNS_BLOCK_ASSERTIONS=1";
				SDKROOT = iphoneos;
				VALIDATE_PRODUCT = YES;
			};
			name = Release;
		};
		67D78717173B4E0A006E4394 /* Debug */ = {
			isa = XCBuildConfiguration;
			buildSettings = {
				GCC_PRECOMPILE_PREFIX_HEADER = YES;
				GCC_PREFIX_HEADER = "LearnHowToUseGit/LearnHowToUseGit-Prefix.pch";
				INFOPLIST_FILE = "LearnHowToUseGit/LearnHowToUseGit-Info.plist";
				PRODUCT_NAME = "$(TARGET_NAME)";
				WRAPPER_EXTENSION = app;
			};
			name = Debug;
		};
		67D78718173B4E0A006E4394 /* Release */ = {
			isa = XCBuildConfiguration;
			buildSettings = {
				GCC_PRECOMPILE_PREFIX_HEADER = YES;
				GCC_PREFIX_HEADER = "LearnHowToUseGit/LearnHowToUseGit-Prefix.pch";
				INFOPLIST_FILE = "LearnHowToUseGit/LearnHowToUseGit-Info.plist";
				PRODUCT_NAME = "$(TARGET_NAME)";
				WRAPPER_EXTENSION = app;
			};
			name = Release;
		};
/* End XCBuildConfiguration section */

/* Begin XCConfigurationList section */
		67D786EC173B4E0A006E4394 /* Build configuration list for PBXProject "LearnHowToUseGit" */ = {
			isa = XCConfigurationList;
			buildConfigurations = (
				67D78714173B4E0A006E4394 /* Debug */,
				67D78715173B4E0A006E4394 /* Release */,
			);
			defaultConfigurationIsVisible = 0;
			defaultConfigurationName = Release;
		};
		67D78716173B4E0A006E4394 /* Build configuration list for PBXNativeTarget "LearnHowToUseGit" */ = {
			isa = XCConfigurationList;
			buildConfigurations = (
				67D78717173B4E0A006E4394 /* Debug */,
				67D78718173B4E0A006E4394 /* Release */,
			);
			defaultConfigurationIsVisible = 0;
		};
/* End XCConfigurationList section */
	};
	rootObject = 67D786E9173B4E0A006E4394 /* Project object */;
}
